
Microsoft Visual Studio Solution File, Format Version 12.00
# Visual Studio Version 16
VisualStudioVersion = 16.0.31019.35
MinimumVisualStudioVersion = 10.0.40219.1
Project("{FAE04EC0-301F-11D3-BF4B-00C04F79EFBC}") = "modulo7", "modulo7\modulo7.csproj", "{D396B8E6-8C83-4598-8690-423B54C59977}"
EndProject
Global
	GlobalSection(SolutionConfigurationPlatforms) = preSolution
		Debug|Any CPU = Debug|Any CPU
		Release|Any CPU = Release|Any CPU
	EndGlobalSection
	GlobalSection(ProjectConfigurationPlatforms) = postSolution
		{D396B8E6-8C83-4598-8690-423B54C59977}.Debug|Any CPU.ActiveCfg = Debug|Any CPU
		{D396B8E6-8C83-4598-8690-423B54C59977}.Debug|Any CPU.Build.0 = Debug|Any CPU
		{D396B8E6-8C83-4598-8690-423B54C59977}.Release|Any CPU.ActiveCfg = Release|Any CPU
		{D396B8E6-8C83-4598-8690-423B54C59977}.Release|Any CPU.Build.0 = Release|Any CPU
	EndGlobalSection
	GlobalSection(SolutionProperties) = preSolution
		HideSolutionNode = FALSE
	EndGlobalSection
	GlobalSection(ExtensibilityGlobals) = postSolution
		SolutionGuid = {E7A1195E-8E2C-4126-B921-41E45FAECAC5}
	EndGlobalSection
EndGlobal
